
Microsoft Visual Studio Solution File, Format Version 12.00
# Visual Studio Version 16
VisualStudioVersion = 16.0.30413.136
MinimumVisualStudioVersion = 10.0.40219.1
Project("{9A19103F-16F7-4668-BE54-9A1E7A4F7556}") = "LiveChat", "LiveChat\LiveChat.csproj", "{FFDF74FC-310E-4298-966A-BCF3D1E49299}"
EndProject
Project("{FAE04EC0-301F-11D3-BF4B-00C04F79EFBC}") = "Domain", "Domain\Domain.csproj", "{75EBED6F-57A5-4F0A-A50E-54A833E0561D}"
EndProject
Project("{FAE04EC0-301F-11D3-BF4B-00C04F79EFBC}") = "Application", "Application\Application.csproj", "{11E15B6A-8F85-4F20-A556-3E73AA51D9C8}"
EndProject
Project("{FAE04EC0-301F-11D3-BF4B-00C04F79EFBC}") = "Infrastructure", "Infrastructure\Infrastructure.csproj", "{3714149C-06B4-4C13-AE5E-A2F686C45AB3}"
EndProject
Global
	GlobalSection(SolutionConfigurationPlatforms) = preSolution
		Debug|Any CPU = Debug|Any CPU
		Release|Any CPU = Release|Any CPU
	EndGlobalSection
	GlobalSection(ProjectConfigurationPlatforms) = postSolution
		{FFDF74FC-310E-4298-966A-BCF3D1E49299}.Debug|Any CPU.ActiveCfg = Debug|Any CPU
		{FFDF74FC-310E-4298-966A-BCF3D1E49299}.Debug|Any CPU.Build.0 = Debug|Any CPU
		{FFDF74FC-310E-4298-966A-BCF3D1E49299}.Release|Any CPU.ActiveCfg = Release|Any CPU
		{FFDF74FC-310E-4298-966A-BCF3D1E49299}.Release|Any CPU.Build.0 = Release|Any CPU
		{75EBED6F-57A5-4F0A-A50E-54A833E0561D}.Debug|Any CPU.ActiveCfg = Debug|Any CPU
		{75EBED6F-57A5-4F0A-A50E-54A833E0561D}.Debug|Any CPU.Build.0 = Debug|Any CPU
		{75EBED6F-57A5-4F0A-A50E-54A833E0561D}.Release|Any CPU.ActiveCfg = Release|Any CPU
		{75EBED6F-57A5-4F0A-A50E-54A833E0561D}.Release|Any CPU.Build.0 = Release|Any CPU
		{11E15B6A-8F85-4F20-A556-3E73AA51D9C8}.Debug|Any CPU.ActiveCfg = Debug|Any CPU
		{11E15B6A-8F85-4F20-A556-3E73AA51D9C8}.Debug|Any CPU.Build.0 = Debug|Any CPU
		{11E15B6A-8F85-4F20-A556-3E73AA51D9C8}.Release|Any CPU.ActiveCfg = Release|Any CPU
		{11E15B6A-8F85-4F20-A556-3E73AA51D9C8}.Release|Any CPU.Build.0 = Release|Any CPU
		{3714149C-06B4-4C13-AE5E-A2F686C45AB3}.Debug|Any CPU.ActiveCfg = Debug|Any CPU
		{3714149C-06B4-4C13-AE5E-A2F686C45AB3}.Debug|Any CPU.Build.0 = Debug|Any CPU
		{3714149C-06B4-4C13-AE5E-A2F686C45AB3}.Release|Any CPU.ActiveCfg = Release|Any CPU
		{3714149C-06B4-4C13-AE5E-A2F686C45AB3}.Release|Any CPU.Build.0 = Release|Any CPU
	EndGlobalSection
	GlobalSection(SolutionProperties) = preSolution
		HideSolutionNode = FALSE
	EndGlobalSection
	GlobalSection(ExtensibilityGlobals) = postSolution
		SolutionGuid = {3881E743-1A56-4E4F-A46C-AEDD047A4F17}
	EndGlobalSection
EndGlobal
